Microsoft Visual Studio Solution File, Format Version 12.00
Project("{FAE04EC0-301F-11D3-BF4B-00C04F79EFBC}") = "projekt_po/projekt_po", "projekt_po/projekt_po.csproj", "{44E30048-CCAC-4CE1-9EC8-C4BDC3FA7171}"
EndProject
Project("{2150E333-8FDC-42A3-9474-1A3956D46DE8}") = "Solution Items", "Solution Items", "{29114652-7096-4124-81D0-3B68532A9CC5}"
    ProjectSection(SolutionItems) = preProject
        projekt_po/docker-compose.yml = projekt_po/docker-compose.yml
    EndProjectSection
EndProject
Global
    GlobalSection(SolutionConfigurationPlatforms) = preSolution
        Debug|Any CPU = Debug|Any CPU
        Release|Any CPU = Release|Any CPU
    EndGlobalSection
    GlobalSection(ProjectConfigurationPlatforms) = postSolution
        {44E30048-CCAC-4CE1-9EC8-C4BDC3FA7171}.Debug|Any CPU.ActiveCfg = Debug|Any CPU
        {44E30048-CCAC-4CE1-9EC8-C4BDC3FA7171}.Debug|Any CPU.Build.0 = Debug|Any CPU
        {44E30048-CCAC-4CE1-9EC8-C4BDC3FA7171}.Release|Any CPU.ActiveCfg = Release|Any CPU
        {44E30048-CCAC-4CE1-9EC8-C4BDC3FA7171}.Release|Any CPU.Build.0 = Release|Any CPU
    EndGlobalSection
    GlobalSection(NestedProjects) = preSolution
    EndGlobalSection
EndGlobal